
Microsoft Visual Studio Solution File, Format Version 12.00
Project("{FAE04EC0-301F-11D3-BF4B-00C04F79EFBC}") = "Acme.Hello.Platform", "Acme.Hello.Platform\Acme.Hello.Platform.csproj", "{FA39BFEA-0FF1-4713-AB5F-B807D34048B8}"
EndProject
Global
	GlobalSection(SolutionConfigurationPlatforms) = preSolution
		Debug|Any CPU = Debug|Any CPU
		Release|Any CPU = Release|Any CPU
	EndGlobalSection
	GlobalSection(ProjectConfigurationPlatforms) = postSolution
		{FA39BFEA-0FF1-4713-AB5F-B807D34048B8}.Debug|Any CPU.ActiveCfg = Debug|Any CPU
		{FA39BFEA-0FF1-4713-AB5F-B807D34048B8}.Debug|Any CPU.Build.0 = Debug|Any CPU
		{FA39BFEA-0FF1-4713-AB5F-B807D34048B8}.Release|Any CPU.ActiveCfg = Release|Any CPU
		{FA39BFEA-0FF1-4713-AB5F-B807D34048B8}.Release|Any CPU.Build.0 = Release|Any CPU
	EndGlobalSection
EndGlobal
